namecricketgroundversion000lockfileVersion3requirestruepackagesnamecricketgroundversion000dependenciesthree01800devDependenciesvite718nodemodules/esbuild/aixppc64version02510resolvedhttps//registrynpmjsorg/esbuild/aixppc64//aixppc6402510tgzintegritysha5120NFWnA+7l41irNuaSVlLfgNT12caWJVLzp5eAVhZ0z1qpxbockccEt3s+149rE64VUI3Ml2zt8Nv5JVc4QXTswcpuppc64devtruelicenseMIToptionaltrueosaixenginesnode18nodemodules/esbuild/androidarmversion02510resolvedhttps//registrynpmjsorg/esbuild/androidarm//androidarm02510tgzintegritysha512dQAxF1dW1C3zpeCDc5KqIYuZ1tgAdRXNoZP7vkBIRtKZPYe2xVr/d3SkirklCHudW1B45tGiUlz2pUWDfbDD4wcpuarmdevtruelicenseMIToptionaltrueosandroidenginesnode18nodemodules/esbuild/androidarm64version02510resolvedhttps//registrynpmjsorg/esbuild/androidarm64//androidarm6402510tgzintegritysha512LSQa7eDahypv/VO6WKohZGPSJDq5OVOo3UoFR1E4t4Gj1W7zEQMUhI+lo81H+DtB+kP+tDgBp+M4oNCwp6kffgcpuarm64devtruelicenseMIToptionaltrueosandroidenginesnode18nodemodules/esbuild/androidx64version02510resolvedhttps//registrynpmjsorg/esbuild/androidx64//androidx6402510tgzintegritysha512MiC9CWdPrfhibcXwr39p9ha1x0lZJ9KaVfvzA0Wxwz9ETX4v5CHfF09bx935nHlhi+MxhA63dKRRQLiVgSUtEgcpux64devtruelicenseMIToptionaltrueosandroidenginesnode18nodemodules/esbuild/darwinarm64version02510resolvedhttps//registrynpmjsorg/esbuild/darwinarm64//darwinarm6402510tgzintegritysha512JC74bdXcQEpW9KkV326WpZZjLguSZ3DfS8wrrvPMHgQOIEIG/sPXEN/V8IssoJhbefLRcRqw6RQH2NnpdprtMA==